<?xml version="1.0" encoding="utf-8"?>
<Project ToolsVersion="4.0" xmlns="http://schemas.microsoft.com/developer/msbuild/2003">
  <ItemGroup>
    <Filter Include="Source Files">
      <UniqueIdentifier>{4FC737F1-C7A5-4376-A066-2A32D752A2FF}</UniqueIdentifier>
      <Extensions>cpp;c;cc;cxx;c++;cppm;ixx;def;odl;idl;hpj;bat;asm;asmx</Extensions>
    </Filter>
    <Filter Include="Header Files">
      <UniqueIdentifier>{93995380-89BD-4b04-88EB-625FBE52EBFB}</UniqueIdentifier>
      <Extensions>h;hh;hpp;hxx;h++;hm;inl;inc;ipp;xsd</Extensions>
    </Filter>
    <Filter Include="Resource Files">
      <UniqueIdentifier>{67DA6AB6-F800-4c08-8B7A-83BB121AAD01}</UniqueIdentifier>
      <Extensions>rc;ico;cur;bmp;dlg;rc2;rct;bin;rgs;gif;jpg;jpeg;jpe;resx;tiff;tif;png;wav;mfcribbon-ms</Extensions>
    </Filter>
  </ItemGroup>
  <ItemGroup>
    <ClCompile Include="src\Ex.cpp">
      <Filter>Source Files</Filter>
    </ClCompile>
    <ClCompile Include="src\Compiler\Lexer\Lexer.cpp">
      <Filter>Source Files</Filter>
    </ClCompile>
    <ClCompile Include="src\Compiler\Structures\Node_Comp.cpp">
      <Filter>Source Files</Filter>
    </ClCompile>
    <ClCompile Include="src\Compiler\Structures\EvalLink_Comp.cpp">
      <Filter>Source Files</Filter>
    </ClCompile>
    <ClCompile Include="src\Compiler\Structures\Expr_Comp.cpp">
      <Filter>Source Files</Filter>
    </ClCompile>
    <ClCompile Include="src\Compiler\Compiler.cpp">
      <Filter>Source Files</Filter>
    </ClCompile>
    <ClCompile Include="src\Compiler\Parser\Parser.cpp">
      <Filter>Source Files</Filter>
    </ClCompile>
    <ClCompile Include="src\Compiler\Encoder\Encoder.cpp">
      <Filter>Source Files</Filter>
    </ClCompile>
    <ClCompile Include="src\Compiler\Expander\Expander.cpp">
      <Filter>Source Files</Filter>
    </ClCompile>
    <ClCompile Include="src\Compiler\Flattener\Flattener.cpp">
      <Filter>Source Files</Filter>
    </ClCompile>
    <ClCompile Include="src\Executor\Evaluator\Evaluator.cpp">
      <Filter>Source Files</Filter>
    </ClCompile>
    <ClCompile Include="src\Executor\Loader\Loader.cpp">
      <Filter>Source Files</Filter>
    </ClCompile>
    <ClCompile Include="src\Executor\Structures\EvalLink.cpp">
      <Filter>Source Files</Filter>
    </ClCompile>
    <ClCompile Include="src\Executor\Executor.cpp">
      <Filter>Source Files</Filter>
    </ClCompile>
    <ClCompile Include="src\Executor\Unloader\Unloader.cpp">
      <Filter>Source Files</Filter>
    </ClCompile>
    <ClCompile Include="src\Operator\Operations\Op_Access.cpp">
      <Filter>Source Files</Filter>
    </ClCompile>
    <ClCompile Include="src\Operator\Operations\Op_Access_l_r.cpp">
      <Filter>Source Files</Filter>
    </ClCompile>
    <ClCompile Include="src\Operator\Operations\Op_Access_r.cpp">
      <Filter>Source Files</Filter>
    </ClCompile>
    <ClCompile Include="src\Operator\Operations\Op_Add_l_r.cpp">
      <Filter>Source Files</Filter>
    </ClCompile>
    <ClCompile Include="src\Operator\Operations\Op_And.cpp">
      <Filter>Source Files</Filter>
    </ClCompile>
    <ClCompile Include="src\Operator\Operations\Op_Assign.cpp">
      <Filter>Source Files</Filter>
    </ClCompile>
    <ClCompile Include="src\Operator\Operations\Op_Comma_l.cpp">
      <Filter>Source Files</Filter>
    </ClCompile>
    <ClCompile Include="src\Operator\Operations\Op_Comma_l_r.cpp">
      <Filter>Source Files</Filter>
    </ClCompile>
    <ClCompile Include="src\Operator\Operations\Op_Divide.cpp">
      <Filter>Source Files</Filter>
    </ClCompile>
    <ClCompile Include="src\Operator\Operations\Op_Else.cpp">
      <Filter>Source Files</Filter>
    </ClCompile>
    <ClCompile Include="src\Operator\Operations\Op_EqualTo.cpp">
      <Filter>Source Files</Filter>
    </ClCompile>
    <ClCompile Include="src\Operator\Operations\Op_Eval_l_r.cpp">
      <Filter>Source Files</Filter>
    </ClCompile>
    <ClCompile Include="src\Operator\Operations\Op_Eval_r.cpp">
      <Filter>Source Files</Filter>
    </ClCompile>
    <ClCompile Include="src\Operator\Operations\Op_Exponent.cpp">
      <Filter>Source Files</Filter>
    </ClCompile>
    <ClCompile Include="src\Operator\Operations\Op_False.cpp">
      <Filter>Source Files</Filter>
    </ClCompile>
    <ClCompile Include="src\Operator\Operations\Op_GreaterThan.cpp">
      <Filter>Source Files</Filter>
    </ClCompile>
    <ClCompile Include="src\Operator\Operations\Op_GreaterThanOrEqualTo.cpp">
      <Filter>Source Files</Filter>
    </ClCompile>
    <ClCompile Include="src\Operator\Operations\Op_If.cpp">
      <Filter>Source Files</Filter>
    </ClCompile>
    <ClCompile Include="src\Operator\Operations\Op_LessThan.cpp">
      <Filter>Source Files</Filter>
    </ClCompile>
    <ClCompile Include="src\Operator\Operations\Op_LessThanOrEqualTo.cpp">
      <Filter>Source Files</Filter>
    </ClCompile>
    <ClCompile Include="src\Operator\Operations\Op_Modulus.cpp">
      <Filter>Source Files</Filter>
    </ClCompile>
    <ClCompile Include="src\Operator\Operations\Op_Multiply.cpp">
      <Filter>Source Files</Filter>
    </ClCompile>
    <ClCompile Include="src\Operator\Operations\Op_Not.cpp">
      <Filter>Source Files</Filter>
    </ClCompile>
    <ClCompile Include="src\Operator\Operations\Op_NotEqualTo.cpp">
      <Filter>Source Files</Filter>
    </ClCompile>
    <ClCompile Include="src\Operator\Operations\Op_Or.cpp">
      <Filter>Source Files</Filter>
    </ClCompile>
    <ClCompile Include="src\Operator\Operations\Op_Return.cpp">
      <Filter>Source Files</Filter>
    </ClCompile>
    <ClCompile Include="src\Operator\Operations\Op_SizeOf.cpp">
      <Filter>Source Files</Filter>
    </ClCompile>
    <ClCompile Include="src\Operator\Operations\Op_Subtract_l_r.cpp">
      <Filter>Source Files</Filter>
    </ClCompile>
    <ClCompile Include="src\Operator\Operations\Op_Subtract_r.cpp">
      <Filter>Source Files</Filter>
    </ClCompile>
    <ClCompile Include="src\Operator\Operations\Op_Catch.cpp">
      <Filter>Source Files</Filter>
    </ClCompile>
    <ClCompile Include="src\Operator\Operations\Conversion.cpp">
      <Filter>Source Files</Filter>
    </ClCompile>
    <ClCompile Include="src\Executor\Structures\Expr.cpp">
      <Filter>Source Files</Filter>
    </ClCompile>
    <ClCompile Include="src\Operator\Operations\Op_Jump.cpp">
      <Filter>Source Files</Filter>
    </ClCompile>
  </ItemGroup>
  <ItemGroup>
    <None Include=".gitignore" />
    <None Include="README.md" />
    <None Include="src\code.ex" />
  </ItemGroup>
  <ItemGroup>
    <ClInclude Include="src\Compiler\Lexer\Lexer.h">
      <Filter>Header Files</Filter>
    </ClInclude>
    <ClInclude Include="src\Compiler\CompilerCore.h">
      <Filter>Header Files</Filter>
    </ClInclude>
    <ClInclude Include="src\Compiler\Structures\Token_Comp.h">
      <Filter>Header Files</Filter>
    </ClInclude>
    <ClInclude Include="src\Compiler\Parser\Parser.h">
      <Filter>Header Files</Filter>
    </ClInclude>
    <ClInclude Include="src\Compiler\Structures\Expr_Comp.h">
      <Filter>Header Files</Filter>
    </ClInclude>
    <ClInclude Include="src\Compiler\Structures\EvalLink_Comp.h">
      <Filter>Header Files</Filter>
    </ClInclude>
    <ClInclude Include="src\Compiler\Compiler.h">
      <Filter>Header Files</Filter>
    </ClInclude>
    <ClInclude Include="src\Core.h">
      <Filter>Header Files</Filter>
    </ClInclude>
    <ClInclude Include="src\Compiler\Encoder\Encoder.h">
      <Filter>Header Files</Filter>
    </ClInclude>
    <ClInclude Include="src\Compiler\Expander\Expander.h">
      <Filter>Header Files</Filter>
    </ClInclude>
    <ClInclude Include="src\Compiler\Flattener\Flattener.h">
      <Filter>Header Files</Filter>
    </ClInclude>
    <ClInclude Include="src\Executor\Evaluator\Evaluator.h">
      <Filter>Header Files</Filter>
    </ClInclude>
    <ClInclude Include="src\Executor\Loader\Loader.h">
      <Filter>Header Files</Filter>
    </ClInclude>
    <ClInclude Include="src\Executor\Structures\EvalLink.h">
      <Filter>Header Files</Filter>
    </ClInclude>
    <ClInclude Include="src\Executor\Structures\Expr.h">
      <Filter>Header Files</Filter>
    </ClInclude>
    <ClInclude Include="src\Executor\Structures\VarLink.h">
      <Filter>Header Files</Filter>
    </ClInclude>
    <ClInclude Include="src\Executor\Structures\ListLink.h">
      <Filter>Header Files</Filter>
    </ClInclude>
    <ClInclude Include="src\Executor\Structures\StringLink.h">
      <Filter>Header Files</Filter>
    </ClInclude>
    <ClInclude Include="src\Executor\Structures\Stack.h">
      <Filter>Header Files</Filter>
    </ClInclude>
    <ClInclude Include="src\Executor\Structures\Heap.h">
      <Filter>Header Files</Filter>
    </ClInclude>
    <ClInclude Include="src\Executor\Structures\Context.h">
      <Filter>Header Files</Filter>
    </ClInclude>
    <ClInclude Include="src\Executor\ExecutorCore.h">
      <Filter>Header Files</Filter>
    </ClInclude>
    <ClInclude Include="src\Blob.h">
      <Filter>Header Files</Filter>
    </ClInclude>
    <ClInclude Include="src\Executor\Executor.h">
      <Filter>Header Files</Filter>
    </ClInclude>
    <ClInclude Include="src\Executor\Structures\Object.h">
      <Filter>Header Files</Filter>
    </ClInclude>
    <ClInclude Include="src\Compiler\Structures\Node_Comp.h">
      <Filter>Header Files</Filter>
    </ClInclude>
    <ClInclude Include="src\Executor\Structures\Frame.h">
      <Filter>Header Files</Filter>
    </ClInclude>
    <ClInclude Include="src\Executor\Unloader\Unloader.h">
      <Filter>Header Files</Filter>
    </ClInclude>
    <ClInclude Include="src\Operator\Operator.h">
      <Filter>Header Files</Filter>
    </ClInclude>
    <ClInclude Include="src\Operator\Operations\Operations.h">
      <Filter>Header Files</Filter>
    </ClInclude>
    <ClInclude Include="src\Executor\Structures\Result.h">
      <Filter>Header Files</Filter>
    </ClInclude>
    <ClInclude Include="src\Operator\Operations\Conversion.h">
      <Filter>Header Files</Filter>
    </ClInclude>
  </ItemGroup>
</Project>